// !$*UTF8*$!
{
	archiveVersion = 1;
	classes = {
	};
	objectVersion = 46;
	objects = {

/* Begin PBXBuildFile section */
		F898E4B51907283E0024C5AB /* Foundation.framework in Frameworks */ = {isa = PBXBuildFile; fileRef = F898E4B41907283E0024C5AB /* Foundation.framework */; };
		F898E4B71907283E0024C5AB /* CoreGraphics.framework in Frameworks */ = {isa = PBXBuildFile; fileRef = F898E4B61907283E0024C5AB /* CoreGraphics.framework */; };
		F898E4B91907283E0024C5AB /* UIKit.framework in Frameworks */ = {isa = PBXBuildFile; fileRef = F898E4B81907283E0024C5AB /* UIKit.framework */; };
		F898E4BF1907283E0024C5AB /* InfoPlist.strings in Resources */ = {isa = PBXBuildFile; fileRef = F898E4BD1907283E0024C5AB /* InfoPlist.strings */; };
		F898E4C11907283E0024C5AB /* main.m in Sources */ = {isa = PBXBuildFile; fileRef = F898E4C01907283E0024C5AB /* main.m */; };
		F898E4C51907283E0024C5AB /* stxAppDelegate.m in Sources */ = {isa = PBXBuildFile; fileRef = F898E4C41907283E0024C5AB /* stxAppDelegate.m */; };
		F898E4C81907283E0024C5AB /* Main.storyboard in Resources */ = {isa = PBXBuildFile; fileRef = F898E4C61907283E0024C5AB /* Main.storyboard */; };
		F898E4CB1907283E0024C5AB /* stxViewController.m in Sources */ = {isa = PBXBuildFile; fileRef = F898E4CA1907283E0024C5AB /* stxViewController.m */; };
		F898E4CD1907283E0024C5AB /* Images.xcassets in Resources */ = {isa = PBXBuildFile; fileRef = F898E4CC1907283E0024C5AB /* Images.xcassets */; };
		F898E4D41907283E0024C5AB /* XCTest.framework in Frameworks */ = {isa = PBXBuildFile; fileRef = F898E4D31907283E0024C5AB /* XCTest.framework */; };
		F898E4D51907283E0024C5AB /* Foundation.framework in Frameworks */ = {isa = PBXBuildFile; fileRef = F898E4B41907283E0024C5AB /* Foundation.framework */; };
		F898E4D61907283E0024C5AB /* UIKit.framework in Frameworks */ = {isa = PBXBuildFile; fileRef = F898E4B81907283E0024C5AB /* UIKit.framework */; };
		F898E4DE1907283E0024C5AB /* InfoPlist.strings in Resources */ = {isa = PBXBuildFile; fileRef = F898E4DC1907283E0024C5AB /* InfoPlist.strings */; };
		F898E4E01907283E0024C5AB /* screentestTests.m in Sources */ = {isa = PBXBuildFile; fileRef = F898E4DF1907283E0024C5AB /* screentestTests.m */; };
		F898E4EE190735E20024C5AB /* stxExternalViewController.m in Sources */ = {isa = PBXBuildFile; fileRef = F898E4ED190735E20024C5AB /* stxExternalViewController.m */; };
		F898E4F019073CE80024C5AB /* chick.jpg in Resources */ = {isa = PBXBuildFile; fileRef = F898E4EF19073CE80024C5AB /* chick.jpg */; };
/* End PBXBuildFile section */

/* Begin PBXContainerItemProxy section */
		F898E4D71907283E0024C5AB /* PBXContainerItemProxy */ = {
			isa = PBXContainerItemProxy;
			containerPortal = F898E4A91907283E0024C5AB /* Project object */;
			proxyType = 1;
			remoteGlobalIDString = F898E4B01907283E0024C5AB;
			remoteInfo = screentest;
		};
/* End PBXContainerItemProxy section */

/* Begin PBXFileReference section */
		F898E4B11907283E0024C5AB /* screentest.app */ = {isa = PBXFileReference; explicitFileType = wrapper.application; includeInIndex = 0; path = screentest.app; sourceTree = BUILT_PRODUCTS_DIR; };
		F898E4B41907283E0024C5AB /* Foundation.framework */ = {isa = PBXFileReference; lastKnownFileType = wrapper.framework; name = Foundation.framework; path = System/Library/Frameworks/Foundation.framework; sourceTree = SDKROOT; };
		F898E4B61907283E0024C5AB /* CoreGraphics.framework */ = {isa = PBXFileReference; lastKnownFileType = wrapper.framework; name = CoreGraphics.framework; path = System/Library/Frameworks/CoreGraphics.framework; sourceTree = SDKROOT; };
		F898E4B81907283E0024C5AB /* UIKit.framework */ = {isa = PBXFileReference; lastKnownFileType = wrapper.framework; name = UIKit.framework; path = System/Library/Frameworks/UIKit.framework; sourceTree = SDKROOT; };
		F898E4BC1907283E0024C5AB /* screentest-Info.plist */ = {isa = PBXFileReference; lastKnownFileType = text.plist.xml; path = "screentest-Info.plist"; sourceTree = "<group>"; };
		F898E4BE1907283E0024C5AB /* en */ = {isa = PBXFileReference; lastKnownFileType = text.plist.strings; name = en; path = en.lproj/InfoPlist.strings; sourceTree = "<group>"; };
		F898E4C01907283E0024C5AB /* main.m */ = {isa = PBXFileReference; lastKnownFileType = sourcecode.c.objc; path = main.m; sourceTree = "<group>"; };
		F898E4C21907283E0024C5AB /* screentest-Prefix.pch */ = {isa = PBXFileReference; lastKnownFileType = sourcecode.c.h; path = "screentest-Prefix.pch"; sourceTree = "<group>"; };
		F898E4C31907283E0024C5AB /* stxAppDelegate.h */ = {isa = PBXFileReference; lastKnownFileType = sourcecode.c.h; path = stxAppDelegate.h; sourceTree = "<group>"; };
		F898E4C41907283E0024C5AB /* stxAppDelegate.m */ = {isa = PBXFileReference; lastKnownFileType = sourcecode.c.objc; path = stxAppDelegate.m; sourceTree = "<group>"; };
		F898E4C71907283E0024C5AB /* Base */ = {isa = PBXFileReference; lastKnownFileType = file.storyboard; name = Base; path = Base.lproj/Main.storyboard; sourceTree = "<group>"; };
		F898E4C91907283E0024C5AB /* stxViewController.h */ = {isa = PBXFileReference; lastKnownFileType = sourcecode.c.h; path = stxViewController.h; sourceTree = "<group>"; };
		F898E4CA1907283E0024C5AB /* stxViewController.m */ = {isa = PBXFileReference; lastKnownFileType = sourcecode.c.objc; path = stxViewController.m; sourceTree = "<group>"; };
		F898E4CC1907283E0024C5AB /* Images.xcassets */ = {isa = PBXFileReference; lastKnownFileType = folder.assetcatalog; path = Images.xcassets; sourceTree = "<group>"; };
		F898E4D21907283E0024C5AB /* screentestTests.xctest */ = {isa = PBXFileReference; explicitFileType = wrapper.cfbundle; includeInIndex = 0; path = screentestTests.xctest; sourceTree = BUILT_PRODUCTS_DIR; };
		F898E4D31907283E0024C5AB /* XCTest.framework */ = {isa = PBXFileReference; lastKnownFileType = wrapper.framework; name = XCTest.framework; path = Library/Frameworks/XCTest.framework; sourceTree = DEVELOPER_DIR; };
		F898E4DB1907283E0024C5AB /* screentestTests-Info.plist */ = {isa = PBXFileReference; lastKnownFileType = text.plist.xml; path = "screentestTests-Info.plist"; sourceTree = "<group>"; };
		F898E4DD1907283E0024C5AB /* en */ = {isa = PBXFileReference; lastKnownFileType = text.plist.strings; name = en; path = en.lproj/InfoPlist.strings; sourceTree = "<group>"; };
		F898E4DF1907283E0024C5AB /* screentestTests.m */ = {isa = PBXFileReference; lastKnownFileType = sourcecode.c.objc; path = screentestTests.m; sourceTree = "<group>"; };
		F898E4EC190735E20024C5AB /* stxExternalViewController.h */ = {isa = PBXFileReference; fileEncoding = 4; lastKnownFileType = sourcecode.c.h; path = stxExternalViewController.h; sourceTree = "<group>"; };
		F898E4ED190735E20024C5AB /* stxExternalViewController.m */ = {isa = PBXFileReference; fileEncoding = 4; lastKnownFileType = sourcecode.c.objc; path = stxExternalViewController.m; sourceTree = "<group>"; };
		F898E4EF19073CE80024C5AB /* chick.jpg */ = {isa = PBXFileReference; lastKnownFileType = image.jpeg; path = chick.jpg; sourceTree = "<group>"; };
/* End PBXFileReference section */

/* Begin PBXFrameworksBuildPhase section */
		F898E4AE1907283E0024C5AB /* Frameworks */ = {
			isa = PBXFrameworksBuildPhase;
			buildActionMask = 2147483647;
			files = (
				F898E4B71907283E0024C5AB /* CoreGraphics.framework in Frameworks */,
				F898E4B91907283E0024C5AB /* UIKit.framework in Frameworks */,
				F898E4B51907283E0024C5AB /* Foundation.framework in Frameworks */,
			);
			runOnlyForDeploymentPostprocessing = 0;
		};
		F898E4CF1907283E0024C5AB /* Frameworks */ = {
			isa = PBXFrameworksBuildPhase;
			buildActionMask = 2147483647;
			files = (
				F898E4D41907283E0024C5AB /* XCTest.framework in Frameworks */,
				F898E4D61907283E0024C5AB /* UIKit.framework in Frameworks */,
				F898E4D51907283E0024C5AB /* Foundation.framework in Frameworks */,
			);
			runOnlyForDeploymentPostprocessing = 0;
		};
/* End PBXFrameworksBuildPhase section */

/* Begin PBXGroup section */
		F898E4A81907283E0024C5AB = {
			isa = PBXGroup;
			children = (
				F898E4BA1907283E0024C5AB /* screentest */,
				F898E4D91907283E0024C5AB /* screentestTests */,
				F898E4B31907283E0024C5AB /* Frameworks */,
				F898E4B21907283E0024C5AB /* Products */,
			);
			sourceTree = "<group>";
		};
		F898E4B21907283E0024C5AB /* Products */ = {
			isa = PBXGroup;
			children = (
				F898E4B11907283E0024C5AB /* screentest.app */,
				F898E4D21907283E0024C5AB /* screentestTests.xctest */,
			);
			name = Products;
			sourceTree = "<group>";
		};
		F898E4B31907283E0024C5AB /* Frameworks */ = {
			isa = PBXGroup;
			children = (
				F898E4B41907283E0024C5AB /* Foundation.framework */,
				F898E4B61907283E0024C5AB /* CoreGraphics.framework */,
				F898E4B81907283E0024C5AB /* UIKit.framework */,
				F898E4D31907283E0024C5AB /* XCTest.framework */,
			);
			name = Frameworks;
			sourceTree = "<group>";
		};
		F898E4BA1907283E0024C5AB /* screentest */ = {
			isa = PBXGroup;
			children = (
				F898E4C31907283E0024C5AB /* stxAppDelegate.h */,
				F898E4C41907283E0024C5AB /* stxAppDelegate.m */,
				F898E4C61907283E0024C5AB /* Main.storyboard */,
				F898E4C91907283E0024C5AB /* stxViewController.h */,
				F898E4CA1907283E0024C5AB /* stxViewController.m */,
				F898E4EC190735E20024C5AB /* stxExternalViewController.h */,
				F898E4ED190735E20024C5AB /* stxExternalViewController.m */,
				F898E4CC1907283E0024C5AB /* Images.xcassets */,
				F898E4EF19073CE80024C5AB /* chick.jpg */,
				F898E4BB1907283E0024C5AB /* Supporting Files */,
			);
			path = screentest;
			sourceTree = "<group>";
		};
		F898E4BB1907283E0024C5AB /* Supporting Files */ = {
			isa = PBXGroup;
			children = (
				F898E4BC1907283E0024C5AB /* screentest-Info.plist */,
				F898E4BD1907283E0024C5AB /* InfoPlist.strings */,
				F898E4C01907283E0024C5AB /* main.m */,
				F898E4C21907283E0024C5AB /* screentest-Prefix.pch */,
			);
			name = "Supporting Files";
			sourceTree = "<group>";
		};
		F898E4D91907283E0024C5AB /* screentestTests */ = {
			isa = PBXGroup;
			children = (
				F898E4DF1907283E0024C5AB /* screentestTests.m */,
				F898E4DA1907283E0024C5AB /* Supporting Files */,
			);
			path = screentestTests;
			sourceTree = "<group>";
		};
		F898E4DA1907283E0024C5AB /* Supporting Files */ = {
			isa = PBXGroup;
			children = (
				F898E4DB1907283E0024C5AB /* screentestTests-Info.plist */,
				F898E4DC1907283E0024C5AB /* InfoPlist.strings */,
			);
			name = "Supporting Files";
			sourceTree = "<group>";
		};
/* End PBXGroup section */

/* Begin PBXNativeTarget section */
		F898E4B01907283E0024C5AB /* screentest */ = {
			isa = PBXNativeTarget;
			buildConfigurationList = F898E4E31907283E0024C5AB /* Build configuration list for PBXNativeTarget "screentest" */;
			buildPhases = (
				F898E4AD1907283E0024C5AB /* Sources */,
				F898E4AE1907283E0024C5AB /* Frameworks */,
				F898E4AF1907283E0024C5AB /* Resources */,
			);
			buildRules = (
			);
			dependencies = (
			);
			name = screentest;
			productName = screentest;
			productReference = F898E4B11907283E0024C5AB /* screentest.app */;
			productType = "com.apple.product-type.application";
		};
		F898E4D11907283E0024C5AB /* screentestTests */ = {
			isa = PBXNativeTarget;
			buildConfigurationList = F898E4E61907283E0024C5AB /* Build configuration list for PBXNativeTarget "screentestTests" */;
			buildPhases = (
				F898E4CE1907283E0024C5AB /* Sources */,
				F898E4CF1907283E0024C5AB /* Frameworks */,
				F898E4D01907283E0024C5AB /* Resources */,
			);
			buildRules = (
			);
			dependencies = (
				F898E4D81907283E0024C5AB /* PBXTargetDependency */,
			);
			name = screentestTests;
			productName = screentestTests;
			productReference = F898E4D21907283E0024C5AB /* screentestTests.xctest */;
			productType = "com.apple.product-type.bundle.unit-test";
		};
/* End PBXNativeTarget section */

/* Begin PBXProject section */
		F898E4A91907283E0024C5AB /* Project object */ = {
			isa = PBXProject;
			attributes = {
				CLASSPREFIX = stx;
				LastUpgradeCheck = 0510;
				TargetAttributes = {
					F898E4D11907283E0024C5AB = {
						TestTargetID = F898E4B01907283E0024C5AB;
					};
				};
			};
			buildConfigurationList = F898E4AC1907283E0024C5AB /* Build configuration list for PBXProject "screentest" */;
			compatibilityVersion = "Xcode 3.2";
			developmentRegion = English;
			hasScannedForEncodings = 0;
			knownRegions = (
				en,
				Base,
			);
			mainGroup = F898E4A81907283E0024C5AB;
			productRefGroup = F898E4B21907283E0024C5AB /* Products */;
			projectDirPath = "";
			projectRoot = "";
			targets = (
				F898E4B01907283E0024C5AB /* screentest */,
				F898E4D11907283E0024C5AB /* screentestTests */,
			);
		};
/* End PBXProject section */

/* Begin PBXResourcesBuildPhase section */
		F898E4AF1907283E0024C5AB /* Resources */ = {
			isa = PBXResourcesBuildPhase;
			buildActionMask = 2147483647;
			files = (
				F898E4F019073CE80024C5AB /* chick.jpg in Resources */,
				F898E4CD1907283E0024C5AB /* Images.xcassets in Resources */,
				F898E4BF1907283E0024C5AB /* InfoPlist.strings in Resources */,
				F898E4C81907283E0024C5AB /* Main.storyboard in Resources */,
			);
			runOnlyForDeploymentPostprocessing = 0;
		};
		F898E4D01907283E0024C5AB /* Resources */ = {
			isa = PBXResourcesBuildPhase;
			buildActionMask = 2147483647;
			files = (
				F898E4DE1907283E0024C5AB /* InfoPlist.strings in Resources */,
			);
			runOnlyForDeploymentPostprocessing = 0;
		};
/* End PBXResourcesBuildPhase section */

/* Begin PBXSourcesBuildPhase section */
		F898E4AD1907283E0024C5AB /* Sources */ = {
			isa = PBXSourcesBuildPhase;
			buildActionMask = 2147483647;
			files = (
				F898E4C51907283E0024C5AB /* stxAppDelegate.m in Sources */,
				F898E4CB1907283E0024C5AB /* stxViewController.m in Sources */,
				F898E4C11907283E0024C5AB /* main.m in Sources */,
				F898E4EE190735E20024C5AB /* stxExternalViewController.m in Sources */,
			);
			runOnlyForDeploymentPostprocessing = 0;
		};
		F898E4CE1907283E0024C5AB /* Sources */ = {
			isa = PBXSourcesBuildPhase;
			buildActionMask = 2147483647;
			files = (
				F898E4E01907283E0024C5AB /* screentestTests.m in Sources */,
			);
			runOnlyForDeploymentPostprocessing = 0;
		};
/* End PBXSourcesBuildPhase section */

/* Begin PBXTargetDependency section */
		F898E4D81907283E0024C5AB /* PBXTargetDependency */ = {
			isa = PBXTargetDependency;
			target = F898E4B01907283E0024C5AB /* screentest */;
			targetProxy = F898E4D71907283E0024C5AB /* PBXContainerItemProxy */;
		};
/* End PBXTargetDependency section */

/* Begin PBXVariantGroup section */
		F898E4BD1907283E0024C5AB /* InfoPlist.strings */ = {
			isa = PBXVariantGroup;
			children = (
				F898E4BE1907283E0024C5AB /* en */,
			);
			name = InfoPlist.strings;
			sourceTree = "<group>";
		};
		F898E4C61907283E0024C5AB /* Main.storyboard */ = {
			isa = PBXVariantGroup;
			children = (
				F898E4C71907283E0024C5AB /* Base */,
			);
			name = Main.storyboard;
			sourceTree = "<group>";
		};
		F898E4DC1907283E0024C5AB /* InfoPlist.strings */ = {
			isa = PBXVariantGroup;
			children = (
				F898E4DD1907283E0024C5AB /* en */,
			);
			name = InfoPlist.strings;
			sourceTree = "<group>";
		};
/* End PBXVariantGroup section */

/* Begin XCBuildConfiguration section */
		F898E4E11907283E0024C5AB /* Debug */ = {
			isa = XCBuildConfiguration;
			buildSettings = {
				ALWAYS_SEARCH_USER_PATHS = NO;
				CLANG_CXX_LANGUAGE_STANDARD = "gnu++0x";
				CLANG_CXX_LIBRARY = "libc++";
				CLANG_ENABLE_MODULES = YES;
				CLANG_ENABLE_OBJC_ARC = YES;
				CLANG_WARN_BOOL_CONVERSION = YES;
				CLANG_WARN_CONSTANT_CONVERSION = YES;
				CLANG_WARN_DIRECT_OBJC_ISA_USAGE = YES_ERROR;
				CLANG_WARN_EMPTY_BODY = YES;
				CLANG_WARN_ENUM_CONVERSION = YES;
				CLANG_WARN_INT_CONVERSION = YES;
				CLANG_WARN_OBJC_ROOT_CLASS = YES_ERROR;
				CLANG_WARN__DUPLICATE_METHOD_MATCH = YES;
				"CODE_SIGN_IDENTITY[sdk=iphoneos*]" = "iPhone Developer";
				COPY_PHASE_STRIP = NO;
				GCC_C_LANGUAGE_STANDARD = gnu99;
				GCC_DYNAMIC_NO_PIC = NO;
				GCC_OPTIMIZATION_LEVEL = 0;
				GCC_PREPROCESSOR_DEFINITIONS = (
					"DEBUG=1",
					"$(inherited)",
				);
				GCC_SYMBOLS_PRIVATE_EXTERN = NO;
				GCC_WARN_64_TO_32_BIT_CONVERSION = YES;
				GCC_WARN_ABOUT_RETURN_TYPE = YES_ERROR;
				GCC_WARN_UNDECLARED_SELECTOR = YES;
				GCC_WARN_UNINITIALIZED_AUTOS = YES_AGGRESSIVE;
				GCC_WARN_UNUSED_FUNCTION = YES;
				GCC_WARN_UNUSED_VARIABLE = YES;
				IPHONEOS_DEPLOYMENT_TARGET = 7.1;
				ONLY_ACTIVE_ARCH = YES;
				SDKROOT = iphoneos;
			};
			name = Debug;
		};
		F898E4E21907283E0024C5AB /* Release */ = {
			isa = XCBuildConfiguration;
			buildSettings = {
				ALWAYS_SEARCH_USER_PATHS = NO;
				CLANG_CXX_LANGUAGE_STANDARD = "gnu++0x";
				CLANG_CXX_LIBRARY = "libc++";
				CLANG_ENABLE_MODULES = YES;
				CLANG_ENABLE_OBJC_ARC = YES;
				CLANG_WARN_BOOL_CONVERSION = YES;
				CLANG_WARN_CONSTANT_CONVERSION = YES;
				CLANG_WARN_DIRECT_OBJC_ISA_USAGE = YES_ERROR;
				CLANG_WARN_EMPTY_BODY = YES;
				CLANG_WARN_ENUM_CONVERSION = YES;
				CLANG_WARN_INT_CONVERSION = YES;
				CLANG_WARN_OBJC_ROOT_CLASS = YES_ERROR;
				CLANG_WARN__DUPLICATE_METHOD_MATCH = YES;
				"CODE_SIGN_IDENTITY[sdk=iphoneos*]" = "iPhone Developer";
				COPY_PHASE_STRIP = YES;
				ENABLE_NS_ASSERTIONS = NO;
				GCC_C_LANGUAGE_STANDARD = gnu99;
				GCC_WARN_64_TO_32_BIT_CONVERSION = YES;
				GCC_WARN_ABOUT_RETURN_TYPE = YES_ERROR;
				GCC_WARN_UNDECLARED_SELECTOR = YES;
				GCC_WARN_UNINITIALIZED_AUTOS = YES_AGGRESSIVE;
				GCC_WARN_UNUSED_FUNCTION = YES;
				GCC_WARN_UNUSED_VARIABLE = YES;
				IPHONEOS_DEPLOYMENT_TARGET = 7.1;
				SDKROOT = iphoneos;
				VALIDATE_PRODUCT = YES;
			};
			name = Release;
		};
		F898E4E41907283E0024C5AB /* Debug */ = {
			isa = XCBuildConfiguration;
			buildSettings = {
				ASSETCATALOG_COMPILER_APPICON_NAME = AppIcon;
				ASSETCATALOG_COMPILER_LAUNCHIMAGE_NAME = LaunchImage;
				GCC_PRECOMPILE_PREFIX_HEADER = YES;
				GCC_PREFIX_HEADER = "screentest/screentest-Prefix.pch";
				INFOPLIST_FILE = "screentest/screentest-Info.plist";
				PRODUCT_NAME = "$(TARGET_NAME)";
				WRAPPER_EXTENSION = app;
			};
			name = Debug;
		};
		F898E4E51907283E0024C5AB /* Release */ = {
			isa = XCBuildConfiguration;
			buildSettings = {
				ASSETCATALOG_COMPILER_APPICON_NAME = AppIcon;
				ASSETCATALOG_COMPILER_LAUNCHIMAGE_NAME = LaunchImage;
				GCC_PRECOMPILE_PREFIX_HEADER = YES;
				GCC_PREFIX_HEADER = "screentest/screentest-Prefix.pch";
				INFOPLIST_FILE = "screentest/screentest-Info.plist";
				PRODUCT_NAME = "$(TARGET_NAME)";
				WRAPPER_EXTENSION = app;
			};
			name = Release;
		};
		F898E4E71907283E0024C5AB /* Debug */ = {
			isa = XCBuildConfiguration;
			buildSettings = {
				BUNDLE_LOADER = "$(BUILT_PRODUCTS_DIR)/screentest.app/screentest";
				FRAMEWORK_SEARCH_PATHS = (
					"$(SDKROOT)/Developer/Library/Frameworks",
					"$(inherited)",
					"$(DEVELOPER_FRAMEWORKS_DIR)",
				);
				GCC_PRECOMPILE_PREFIX_HEADER = YES;
				GCC_PREFIX_HEADER = "screentest/screentest-Prefix.pch";
				GCC_PREPROCESSOR_DEFINITIONS = (
					"DEBUG=1",
					"$(inherited)",
				);
				INFOPLIST_FILE = "screentestTests/screentestTests-Info.plist";
				PRODUCT_NAME = "$(TARGET_NAME)";
				TEST_HOST = "$(BUNDLE_LOADER)";
				WRAPPER_EXTENSION = xctest;
			};
			name = Debug;
		};
		F898E4E81907283E0024C5AB /* Release */ = {
			isa = XCBuildConfiguration;
			buildSettings = {
				BUNDLE_LOADER = "$(BUILT_PRODUCTS_DIR)/screentest.app/screentest";
				FRAMEWORK_SEARCH_PATHS = (
					"$(SDKROOT)/Developer/Library/Frameworks",
					"$(inherited)",
					"$(DEVELOPER_FRAMEWORKS_DIR)",
				);
				GCC_PRECOMPILE_PREFIX_HEADER = YES;
				GCC_PREFIX_HEADER = "screentest/screentest-Prefix.pch";
				INFOPLIST_FILE = "screentestTests/screentestTests-Info.plist";
				PRODUCT_NAME = "$(TARGET_NAME)";
				TEST_HOST = "$(BUNDLE_LOADER)";
				WRAPPER_EXTENSION = xctest;
			};
			name = Release;
		};
/* End XCBuildConfiguration section */

/* Begin XCConfigurationList section */
		F898E4AC1907283E0024C5AB /* Build configuration list for PBXProject "screentest" */ = {
			isa = XCConfigurationList;
			buildConfigurations = (
				F898E4E11907283E0024C5AB /* Debug */,
				F898E4E21907283E0024C5AB /* Release */,
			);
			defaultConfigurationIsVisible = 0;
			defaultConfigurationName = Release;
		};
		F898E4E31907283E0024C5AB /* Build configuration list for PBXNativeTarget "screentest" */ = {
			isa = XCConfigurationList;
			buildConfigurations = (
				F898E4E41907283E0024C5AB /* Debug */,
				F898E4E51907283E0024C5AB /* Release */,
			);
			defaultConfigurationIsVisible = 0;
		};
		F898E4E61907283E0024C5AB /* Build configuration list for PBXNativeTarget "screentestTests" */ = {
			isa = XCConfigurationList;
			buildConfigurations = (
				F898E4E71907283E0024C5AB /* Debug */,
				F898E4E81907283E0024C5AB /* Release */,
			);
			defaultConfigurationIsVisible = 0;
		};
/* End XCConfigurationList section */
	};
	rootObject = F898E4A91907283E0024C5AB /* Project object */;
}
